
Microsoft Visual Studio Solution File, Format Version 12.00
# Visual Studio Version 17
VisualStudioVersion = 17.0.31521.260
MinimumVisualStudioVersion = 10.0.40219.1
Project("{FAE04EC0-301F-11D3-BF4B-00C04F79EFBC}") = "Linker", "Linker\Linker.csproj", "{C18AD15C-439C-48EB-AC29-2D2AAD936775}"
EndProject
Project("{FAE04EC0-301F-11D3-BF4B-00C04F79EFBC}") = "GetCheckSum", "GetCheckSum\GetCheckSum.csproj", "{9651F9C8-53BF-436E-9174-9A82EF6B152F}"
EndProject
Project("{FAE04EC0-301F-11D3-BF4B-00C04F79EFBC}") = "BatteryTest", "BatteryTest\BatteryTest.csproj", "{732FB5D7-2A35-48BA-84FF-6949FBBA63FB}"
EndProject
Project("{2150E333-8FDC-42A3-9474-1A3956D46DE8}") = "Info Tests", "Info Tests", "{8E095A73-E8B9-4687-8ECA-6AD34E665C40}"
EndProject
Project("{FAE04EC0-301F-11D3-BF4B-00C04F79EFBC}") = "SystemCheck", "SystemCheck\SystemCheck.csproj", "{6D65FA2E-F661-43DC-9E70-AAB355FF6AA0}"
EndProject
Project("{FAE04EC0-301F-11D3-BF4B-00C04F79EFBC}") = "GenerateSystemCheckReport", "GenerateSystemCheckReport\GenerateSystemCheckReport.csproj", "{4A2BCB75-2542-4138-8A7C-A14374C3BF93}"
EndProject
Project("{2150E333-8FDC-42A3-9474-1A3956D46DE8}") = "Misc", "Misc", "{44119104-76B1-48B3-BA94-7709FA26C593}"
EndProject
Project("{FAE04EC0-301F-11D3-BF4B-00C04F79EFBC}") = "G910LockDimmer", "G910LockDimmer\G910LockDimmer.csproj", "{82746EF9-4877-497F-AB81-623216C1E962}"
EndProject
Project("{FAE04EC0-301F-11D3-BF4B-00C04F79EFBC}") = "ImageDifference", "ImageDifference\ImageDifference.csproj", "{F4F14D2E-9C1A-4DBB-A456-2ED5DF6B4FCB}"
EndProject
Project("{FAE04EC0-301F-11D3-BF4B-00C04F79EFBC}") = "ConnectionCheck", "ConnectionCheck\ConnectionCheck.csproj", "{CEEE26AA-446B-45EE-B592-39D305270BF5}"
EndProject
Project("{9A19103F-16F7-4668-BE54-9A1E7A4F7556}") = "Md5Rename", "Md5Rename\Md5Rename.csproj", "{3A64A594-D97D-4011-84AA-5E4876C75FDD}"
EndProject
Project("{2150E333-8FDC-42A3-9474-1A3956D46DE8}") = "ReWork", "ReWork", "{1DC7DB47-30FB-4B06-83AD-59A8B3E738A4}"
EndProject
Global
	GlobalSection(SolutionConfigurationPlatforms) = preSolution
		Debug|Any CPU = Debug|Any CPU
		Debug|x64 = Debug|x64
		Release|Any CPU = Release|Any CPU
		Release|x64 = Release|x64
	EndGlobalSection
	GlobalSection(ProjectConfigurationPlatforms) = postSolution
		{C18AD15C-439C-48EB-AC29-2D2AAD936775}.Debug|Any CPU.ActiveCfg = Debug|Any CPU
		{C18AD15C-439C-48EB-AC29-2D2AAD936775}.Debug|Any CPU.Build.0 = Debug|Any CPU
		{C18AD15C-439C-48EB-AC29-2D2AAD936775}.Debug|x64.ActiveCfg = Debug|Any CPU
		{C18AD15C-439C-48EB-AC29-2D2AAD936775}.Debug|x64.Build.0 = Debug|Any CPU
		{C18AD15C-439C-48EB-AC29-2D2AAD936775}.Release|Any CPU.ActiveCfg = Release|Any CPU
		{C18AD15C-439C-48EB-AC29-2D2AAD936775}.Release|Any CPU.Build.0 = Release|Any CPU
		{C18AD15C-439C-48EB-AC29-2D2AAD936775}.Release|x64.ActiveCfg = Release|Any CPU
		{9651F9C8-53BF-436E-9174-9A82EF6B152F}.Debug|Any CPU.ActiveCfg = Debug|Any CPU
		{9651F9C8-53BF-436E-9174-9A82EF6B152F}.Debug|Any CPU.Build.0 = Debug|Any CPU
		{9651F9C8-53BF-436E-9174-9A82EF6B152F}.Debug|x64.ActiveCfg = Debug|Any CPU
		{9651F9C8-53BF-436E-9174-9A82EF6B152F}.Debug|x64.Build.0 = Debug|Any CPU
		{9651F9C8-53BF-436E-9174-9A82EF6B152F}.Release|Any CPU.ActiveCfg = Release|Any CPU
		{9651F9C8-53BF-436E-9174-9A82EF6B152F}.Release|Any CPU.Build.0 = Release|Any CPU
		{9651F9C8-53BF-436E-9174-9A82EF6B152F}.Release|x64.ActiveCfg = Release|Any CPU
		{9651F9C8-53BF-436E-9174-9A82EF6B152F}.Release|x64.Build.0 = Release|Any CPU
		{732FB5D7-2A35-48BA-84FF-6949FBBA63FB}.Debug|Any CPU.ActiveCfg = Debug|Any CPU
		{732FB5D7-2A35-48BA-84FF-6949FBBA63FB}.Debug|Any CPU.Build.0 = Debug|Any CPU
		{732FB5D7-2A35-48BA-84FF-6949FBBA63FB}.Debug|x64.ActiveCfg = Debug|Any CPU
		{732FB5D7-2A35-48BA-84FF-6949FBBA63FB}.Debug|x64.Build.0 = Debug|Any CPU
		{732FB5D7-2A35-48BA-84FF-6949FBBA63FB}.Release|Any CPU.ActiveCfg = Release|Any CPU
		{732FB5D7-2A35-48BA-84FF-6949FBBA63FB}.Release|Any CPU.Build.0 = Release|Any CPU
		{732FB5D7-2A35-48BA-84FF-6949FBBA63FB}.Release|x64.ActiveCfg = Release|Any CPU
		{732FB5D7-2A35-48BA-84FF-6949FBBA63FB}.Release|x64.Build.0 = Release|Any CPU
		{6D65FA2E-F661-43DC-9E70-AAB355FF6AA0}.Debug|Any CPU.ActiveCfg = Debug|Any CPU
		{6D65FA2E-F661-43DC-9E70-AAB355FF6AA0}.Debug|Any CPU.Build.0 = Debug|Any CPU
		{6D65FA2E-F661-43DC-9E70-AAB355FF6AA0}.Debug|x64.ActiveCfg = Debug|Any CPU
		{6D65FA2E-F661-43DC-9E70-AAB355FF6AA0}.Debug|x64.Build.0 = Debug|Any CPU
		{6D65FA2E-F661-43DC-9E70-AAB355FF6AA0}.Release|Any CPU.ActiveCfg = Release|Any CPU
		{6D65FA2E-F661-43DC-9E70-AAB355FF6AA0}.Release|Any CPU.Build.0 = Release|Any CPU
		{6D65FA2E-F661-43DC-9E70-AAB355FF6AA0}.Release|x64.ActiveCfg = Release|x64
		{6D65FA2E-F661-43DC-9E70-AAB355FF6AA0}.Release|x64.Build.0 = Release|x64
		{4A2BCB75-2542-4138-8A7C-A14374C3BF93}.Debug|Any CPU.ActiveCfg = Debug|Any CPU
		{4A2BCB75-2542-4138-8A7C-A14374C3BF93}.Debug|Any CPU.Build.0 = Debug|Any CPU
		{4A2BCB75-2542-4138-8A7C-A14374C3BF93}.Debug|x64.ActiveCfg = Debug|Any CPU
		{4A2BCB75-2542-4138-8A7C-A14374C3BF93}.Debug|x64.Build.0 = Debug|Any CPU
		{4A2BCB75-2542-4138-8A7C-A14374C3BF93}.Release|Any CPU.ActiveCfg = Release|Any CPU
		{4A2BCB75-2542-4138-8A7C-A14374C3BF93}.Release|Any CPU.Build.0 = Release|Any CPU
		{4A2BCB75-2542-4138-8A7C-A14374C3BF93}.Release|x64.ActiveCfg = Release|Any CPU
		{4A2BCB75-2542-4138-8A7C-A14374C3BF93}.Release|x64.Build.0 = Release|Any CPU
		{82746EF9-4877-497F-AB81-623216C1E962}.Debug|Any CPU.ActiveCfg = Debug|Any CPU
		{82746EF9-4877-497F-AB81-623216C1E962}.Debug|Any CPU.Build.0 = Debug|Any CPU
		{82746EF9-4877-497F-AB81-623216C1E962}.Debug|x64.ActiveCfg = Debug|Any CPU
		{82746EF9-4877-497F-AB81-623216C1E962}.Debug|x64.Build.0 = Debug|Any CPU
		{82746EF9-4877-497F-AB81-623216C1E962}.Release|Any CPU.ActiveCfg = Release|Any CPU
		{82746EF9-4877-497F-AB81-623216C1E962}.Release|Any CPU.Build.0 = Release|Any CPU
		{82746EF9-4877-497F-AB81-623216C1E962}.Release|x64.ActiveCfg = Release|Any CPU
		{82746EF9-4877-497F-AB81-623216C1E962}.Release|x64.Build.0 = Release|Any CPU
		{F4F14D2E-9C1A-4DBB-A456-2ED5DF6B4FCB}.Debug|Any CPU.ActiveCfg = Debug|Any CPU
		{F4F14D2E-9C1A-4DBB-A456-2ED5DF6B4FCB}.Debug|Any CPU.Build.0 = Debug|Any CPU
		{F4F14D2E-9C1A-4DBB-A456-2ED5DF6B4FCB}.Debug|x64.ActiveCfg = Debug|Any CPU
		{F4F14D2E-9C1A-4DBB-A456-2ED5DF6B4FCB}.Debug|x64.Build.0 = Debug|Any CPU
		{F4F14D2E-9C1A-4DBB-A456-2ED5DF6B4FCB}.Release|Any CPU.ActiveCfg = Release|Any CPU
		{F4F14D2E-9C1A-4DBB-A456-2ED5DF6B4FCB}.Release|Any CPU.Build.0 = Release|Any CPU
		{F4F14D2E-9C1A-4DBB-A456-2ED5DF6B4FCB}.Release|x64.ActiveCfg = Release|Any CPU
		{F4F14D2E-9C1A-4DBB-A456-2ED5DF6B4FCB}.Release|x64.Build.0 = Release|Any CPU
		{CEEE26AA-446B-45EE-B592-39D305270BF5}.Debug|Any CPU.ActiveCfg = Debug|Any CPU
		{CEEE26AA-446B-45EE-B592-39D305270BF5}.Debug|Any CPU.Build.0 = Debug|Any CPU
		{CEEE26AA-446B-45EE-B592-39D305270BF5}.Debug|x64.ActiveCfg = Debug|Any CPU
		{CEEE26AA-446B-45EE-B592-39D305270BF5}.Debug|x64.Build.0 = Debug|Any CPU
		{CEEE26AA-446B-45EE-B592-39D305270BF5}.Release|Any CPU.ActiveCfg = Release|Any CPU
		{CEEE26AA-446B-45EE-B592-39D305270BF5}.Release|Any CPU.Build.0 = Release|Any CPU
		{CEEE26AA-446B-45EE-B592-39D305270BF5}.Release|x64.ActiveCfg = Release|Any CPU
		{CEEE26AA-446B-45EE-B592-39D305270BF5}.Release|x64.Build.0 = Release|Any CPU
		{3A64A594-D97D-4011-84AA-5E4876C75FDD}.Debug|Any CPU.ActiveCfg = Debug|Any CPU
		{3A64A594-D97D-4011-84AA-5E4876C75FDD}.Debug|Any CPU.Build.0 = Debug|Any CPU
		{3A64A594-D97D-4011-84AA-5E4876C75FDD}.Debug|x64.ActiveCfg = Debug|Any CPU
		{3A64A594-D97D-4011-84AA-5E4876C75FDD}.Debug|x64.Build.0 = Debug|Any CPU
		{3A64A594-D97D-4011-84AA-5E4876C75FDD}.Release|Any CPU.ActiveCfg = Release|Any CPU
		{3A64A594-D97D-4011-84AA-5E4876C75FDD}.Release|Any CPU.Build.0 = Release|Any CPU
		{3A64A594-D97D-4011-84AA-5E4876C75FDD}.Release|x64.ActiveCfg = Release|Any CPU
		{3A64A594-D97D-4011-84AA-5E4876C75FDD}.Release|x64.Build.0 = Release|Any CPU
	EndGlobalSection
	GlobalSection(SolutionProperties) = preSolution
		HideSolutionNode = FALSE
	EndGlobalSection
	GlobalSection(NestedProjects) = preSolution
		{C18AD15C-439C-48EB-AC29-2D2AAD936775} = {1DC7DB47-30FB-4B06-83AD-59A8B3E738A4}
		{9651F9C8-53BF-436E-9174-9A82EF6B152F} = {44119104-76B1-48B3-BA94-7709FA26C593}
		{732FB5D7-2A35-48BA-84FF-6949FBBA63FB} = {8E095A73-E8B9-4687-8ECA-6AD34E665C40}
		{6D65FA2E-F661-43DC-9E70-AAB355FF6AA0} = {8E095A73-E8B9-4687-8ECA-6AD34E665C40}
		{4A2BCB75-2542-4138-8A7C-A14374C3BF93} = {8E095A73-E8B9-4687-8ECA-6AD34E665C40}
		{82746EF9-4877-497F-AB81-623216C1E962} = {44119104-76B1-48B3-BA94-7709FA26C593}
		{F4F14D2E-9C1A-4DBB-A456-2ED5DF6B4FCB} = {1DC7DB47-30FB-4B06-83AD-59A8B3E738A4}
		{CEEE26AA-446B-45EE-B592-39D305270BF5} = {44119104-76B1-48B3-BA94-7709FA26C593}
		{3A64A594-D97D-4011-84AA-5E4876C75FDD} = {44119104-76B1-48B3-BA94-7709FA26C593}
	EndGlobalSection
	GlobalSection(ExtensibilityGlobals) = postSolution
		SolutionGuid = {A1AB2C5F-D30E-48A5-838D-B1E24DFC9FEF}
	EndGlobalSection
EndGlobal
